{
  "originHash" : "b763ba87093ef8d4e8d2e978def3dbc9b26d10b5e0367f99f82b7b44545f290f",
  "pins" : [
    {
      "identity" : "charts",
      "kind" : "remoteSourceControl",
      "location" : "https://github.com/danielgindi/Charts",
      "state" : {
        "revision" : "dd9c72e3d7e751e769971092a6bd72d39198ae63",
        "version" : "5.1.0"
      }
    },
    {
      "identity" : "lottie-ios",
      "kind" : "remoteSourceControl",
      "location" : "https://github.com/airbnb/lottie-ios",
      "state" : {
        "revision" : "fe4c6fe3a0aa66cdeb51d549623c82ca9704b9a5",
        "version" : "4.5.0"
      }
    },
    {
      "identity" : "realm-core",
      "kind" : "remoteSourceControl",
      "location" : "https://github.com/realm/realm-core.git",
      "state" : {
        "revision" : "85eeca41654cc9070ad81a21a4b1d153ad467c33",
        "version" : "14.13.1"
      }
    },
    {
      "identity" : "realm-swift",
      "kind" : "remoteSourceControl",
      "location" : "https://github.com/realm/realm-swift.git",
      "state" : {
        "branch" : "master",
        "revision" : "5553cfd1c789efdb3d6daf7f0cc0733cfe601846"
      }
    }
  ],
  "version" : 3
}
